# This file is autogenerated, do not edit; changes may be undone by the next 'dep ensure'.


[[projects]]
  branch = "master"
  digest = "1:ad65c21cad052ae0b994f7124129b26e8125d2a06c2316ee9e97cb23ba75f527"
  name = "github.com/sbstjn/allot"
  packages = ["."]
  pruneopts = "UT"
  revision = "1f2349af5ccd74c1a8d8fe4d1bf688645b628321"

[[projects]]
  branch = "master"
  digest = "1:7427036b6d926b3d1fa0773771820735b35554a98296f1074df440ee30a97296"
  name = "golang.org/x/net"
  packages = ["websocket"]
  pruneopts = "UT"
  revision = "8a410e7b638dca158bf9e766925842f6651ff828"

[solve-meta]
  analyzer-name = "dep"
  analyzer-version = 1
  input-imports = [
    "github.com/sbstjn/allot",
    "golang.org/x/net/websocket",
  ]
  solver-name = "gps-cdcl"
  solver-version = 1
