# This file is autogenerated, do not edit; changes may be undone by the next 'dep ensure'.


[[projects]]
  name = "github.com/gorilla/websocket"
  packages = ["."]
  revision = "c3e18be99d19e6b3e8f1559eea2c161a665c4b6b"
  version = "v1.4.1"

[[projects]]
  name = "github.com/nlopes/slack"
  packages = ["."]
  revision = "8ab4d0b364ef1e9af5d102531da20d5ec902b6c4"
  version = "v0.2.0"

[[projects]]
  branch = "master"
  name = "github.com/sbstjn/allot"
  packages = ["."]
  revision = "1f2349af5ccd74c1a8d8fe4d1bf688645b628321"

[[projects]]
  branch = "master"
  name = "golang.org/x/net"
  packages = ["websocket"]
  revision = "8a410e7b638dca158bf9e766925842f6651ff828"

[solve-meta]
  analyzer-name = "dep"
  analyzer-version = 1
  inputs-digest = "9c5dff9b4b0ae7f7664e1293e4106ee3d2a892353a98e19555a631a414a843f0"
  solver-name = "gps-cdcl"
  solver-version = 1
